
Microsoft Visual Studio Solution File, Format Version 12.00
# Visual Studio Version 17
VisualStudioVersion = 17.13.35825.156 d17.13
MinimumVisualStudioVersion = 10.0.40219.1
Project("{FAE04EC0-301F-11D3-BF4B-00C04F79EFBC}") = "File Creator", "File Creator.csproj", "{C46A51AD-8B77-4457-8C5B-2B559295014E}"
EndProject
Global
	GlobalSection(SolutionConfigurationPlatforms) = preSolution
		Debug|Any CPU = Debug|Any CPU
		Release|Any CPU = Release|Any CPU
	EndGlobalSection
	GlobalSection(ProjectConfigurationPlatforms) = postSolution
		{C46A51AD-8B77-4457-8C5B-2B559295014E}.Debug|Any CPU.ActiveCfg = Debug|Any CPU
		{C46A51AD-8B77-4457-8C5B-2B559295014E}.Debug|Any CPU.Build.0 = Debug|Any CPU
		{C46A51AD-8B77-4457-8C5B-2B559295014E}.Release|Any CPU.ActiveCfg = Release|Any CPU
		{C46A51AD-8B77-4457-8C5B-2B559295014E}.Release|Any CPU.Build.0 = Release|Any CPU
	EndGlobalSection
	GlobalSection(SolutionProperties) = preSolution
		HideSolutionNode = FALSE
	EndGlobalSection
	GlobalSection(ExtensibilityGlobals) = postSolution
		SolutionGuid = {8933F3B5-27AC-46CD-AF6F-0311823EEA2E}
	EndGlobalSection
EndGlobal
